
Microsoft Visual Studio Solution File, Format Version 12.00
# Visual Studio Version 16
VisualStudioVersion = 16.0.29519.87
MinimumVisualStudioVersion = 10.0.40219.1
Project("{2150E333-8FDC-42A3-9474-1A3956D46DE8}") = "Solution Items", "Solution Items", "{812DE3A2-1CE6-44DE-81B1-EEFAC51CB2A7}"
	ProjectSection(SolutionItems) = preProject
		LICENSE = LICENSE
		README.md = README.md
	EndProjectSection
EndProject
Project("{FAE04EC0-301F-11D3-BF4B-00C04F79EFBC}") = "TestApp", "TestApp\TestApp.csproj", "{5EBD56E3-95B3-4CE0-BC89-1E8AB2B3C3AB}"
EndProject
Project("{FAE04EC0-301F-11D3-BF4B-00C04F79EFBC}") = "TestService", "TestService\TestService.csproj", "{FAC3EC34-D46F-4472-AF2B-2149F9879E93}"
EndProject
Global
	GlobalSection(SolutionConfigurationPlatforms) = preSolution
		Debug|Any CPU = Debug|Any CPU
		Release|Any CPU = Release|Any CPU
	EndGlobalSection
	GlobalSection(ProjectConfigurationPlatforms) = postSolution
		{5EBD56E3-95B3-4CE0-BC89-1E8AB2B3C3AB}.Debug|Any CPU.ActiveCfg = Debug|Any CPU
		{5EBD56E3-95B3-4CE0-BC89-1E8AB2B3C3AB}.Debug|Any CPU.Build.0 = Debug|Any CPU
		{5EBD56E3-95B3-4CE0-BC89-1E8AB2B3C3AB}.Release|Any CPU.ActiveCfg = Release|Any CPU
		{5EBD56E3-95B3-4CE0-BC89-1E8AB2B3C3AB}.Release|Any CPU.Build.0 = Release|Any CPU
		{FAC3EC34-D46F-4472-AF2B-2149F9879E93}.Debug|Any CPU.ActiveCfg = Debug|Any CPU
		{FAC3EC34-D46F-4472-AF2B-2149F9879E93}.Debug|Any CPU.Build.0 = Debug|Any CPU
		{FAC3EC34-D46F-4472-AF2B-2149F9879E93}.Release|Any CPU.ActiveCfg = Release|Any CPU
		{FAC3EC34-D46F-4472-AF2B-2149F9879E93}.Release|Any CPU.Build.0 = Release|Any CPU
	EndGlobalSection
	GlobalSection(SolutionProperties) = preSolution
		HideSolutionNode = FALSE
	EndGlobalSection
	GlobalSection(ExtensibilityGlobals) = postSolution
		SolutionGuid = {E0A4C145-474D-44CF-A5DD-44EE6ECF06CF}
	EndGlobalSection
EndGlobal
